
Microsoft Visual Studio Solution File, Format Version 12.00
# Visual Studio Version 16
VisualStudioVersion = 16.0.30204.135
MinimumVisualStudioVersion = 10.0.40219.1
Project("{9A19103F-16F7-4668-BE54-9A1E7A4F7556}") = "MarsRovers", "MarsRovers\MarsRovers.csproj", "{4E453571-AA7C-4029-AE86-E1CD96EC1E43}"
EndProject
Global
	GlobalSection(SolutionConfigurationPlatforms) = preSolution
		Debug|Any CPU = Debug|Any CPU
		Release|Any CPU = Release|Any CPU
	EndGlobalSection
	GlobalSection(ProjectConfigurationPlatforms) = postSolution
		{4E453571-AA7C-4029-AE86-E1CD96EC1E43}.Debug|Any CPU.ActiveCfg = Debug|Any CPU
		{4E453571-AA7C-4029-AE86-E1CD96EC1E43}.Debug|Any CPU.Build.0 = Debug|Any CPU
		{4E453571-AA7C-4029-AE86-E1CD96EC1E43}.Release|Any CPU.ActiveCfg = Release|Any CPU
		{4E453571-AA7C-4029-AE86-E1CD96EC1E43}.Release|Any CPU.Build.0 = Release|Any CPU
	EndGlobalSection
	GlobalSection(SolutionProperties) = preSolution
		HideSolutionNode = FALSE
	EndGlobalSection
	GlobalSection(ExtensibilityGlobals) = postSolution
		SolutionGuid = {EE6A184E-A0FE-4B1B-830B-8FCD67691A4F}
	EndGlobalSection
EndGlobal
